// !$*UTF8*$!
{
	archiveVersion = 1;
	classes = {
	};
	objectVersion = 50;
	objects = {

/* Begin PBXBuildFile section */
		1B13771426FC8A4800DD99D2 /* AppDelegate.swift in Sources */ = {isa = PBXBuildFile; fileRef = 1B13771326FC8A4800DD99D2 /* AppDelegate.swift */; };
		1B13771626FC8A4800DD99D2 /* SceneDelegate.swift in Sources */ = {isa = PBXBuildFile; fileRef = 1B13771526FC8A4800DD99D2 /* SceneDelegate.swift */; };
		1B13771826FC8A4800DD99D2 /* ContentView.swift in Sources */ = {isa = PBXBuildFile; fileRef = 1B13771726FC8A4800DD99D2 /* ContentView.swift */; };
		1B13771A26FC8A4A00DD99D2 /* Assets.xcassets in Resources */ = {isa = PBXBuildFile; fileRef = 1B13771926FC8A4A00DD99D2 /* Assets.xcassets */; };
		1B13771D26FC8A4A00DD99D2 /* Preview Assets.xcassets in Resources */ = {isa = PBXBuildFile; fileRef = 1B13771C26FC8A4A00DD99D2 /* Preview Assets.xcassets */; };
		1B13772026FC8A4B00DD99D2 /* LaunchScreen.storyboard in Resources */ = {isa = PBXBuildFile; fileRef = 1B13771E26FC8A4B00DD99D2 /* LaunchScreen.storyboard */; };
		1B13772E26FC8AB800DD99D2 /* Database.xcdatamodeld in Sources */ = {isa = PBXBuildFile; fileRef = 1B13772C26FC8AB800DD99D2 /* Database.xcdatamodeld */; };
		1B13773026FC8AF400DD99D2 /* Item+CoreDataClass.swift in Sources */ = {isa = PBXBuildFile; fileRef = 1B13772F26FC8AF400DD99D2 /* Item+CoreDataClass.swift */; };
		1B13773226FC8AFF00DD99D2 /* Item+CoreDataProperties.swift in Sources */ = {isa = PBXBuildFile; fileRef = 1B13773126FC8AFF00DD99D2 /* Item+CoreDataProperties.swift */; };
		1B13773426FC8BD600DD99D2 /* CoreDataManger.swift in Sources */ = {isa = PBXBuildFile; fileRef = 1B13773326FC8BD600DD99D2 /* CoreDataManger.swift */; };
		1B13773626FC8BF400DD99D2 /* NSManagedObjectContext+Extensions.swift in Sources */ = {isa = PBXBuildFile; fileRef = 1B13773526FC8BF400DD99D2 /* NSManagedObjectContext+Extensions.swift */; };
		1B13773826FC8CCF00DD99D2 /* AddItemViewModel.swift in Sources */ = {isa = PBXBuildFile; fileRef = 1B13773726FC8CCF00DD99D2 /* AddItemViewModel.swift */; };
		1B13773A26FC8D2600DD99D2 /* ItemArrayViewModel.swift in Sources */ = {isa = PBXBuildFile; fileRef = 1B13773926FC8D2600DD99D2 /* ItemArrayViewModel.swift */; };
		1B13773C26FC8F2400DD99D2 /* NewItemTextField.swift in Sources */ = {isa = PBXBuildFile; fileRef = 1B13773B26FC8F2400DD99D2 /* NewItemTextField.swift */; };
		1B13773E26FC97AF00DD99D2 /* ItemList.swift in Sources */ = {isa = PBXBuildFile; fileRef = 1B13773D26FC97AF00DD99D2 /* ItemList.swift */; };
		1B13774026FF542400DD99D2 /* RandomItemWindow.swift in Sources */ = {isa = PBXBuildFile; fileRef = 1B13773F26FF542400DD99D2 /* RandomItemWindow.swift */; };
		1B1377422702598100DD99D2 /* RandomButton.swift in Sources */ = {isa = PBXBuildFile; fileRef = 1B1377412702598100DD99D2 /* RandomButton.swift */; };
		1B13774A27025EB700DD99D2 /* Heading-Pro-Heavy-trial.ttf in Resources */ = {isa = PBXBuildFile; fileRef = 1B13774527025EB700DD99D2 /* Heading-Pro-Heavy-trial.ttf */; };
		1B13774B27025EB700DD99D2 /* Heading-Pro-ExtraBold-trial.ttf in Resources */ = {isa = PBXBuildFile; fileRef = 1B13774627025EB700DD99D2 /* Heading-Pro-ExtraBold-trial.ttf */; };
		1B13774C27025EB700DD99D2 /* Heading-Pro-Thin-trial.ttf in Resources */ = {isa = PBXBuildFile; fileRef = 1B13774727025EB700DD99D2 /* Heading-Pro-Thin-trial.ttf */; };
		1B13774D27025EB700DD99D2 /* Heading-Pro-Light-trial.ttf in Resources */ = {isa = PBXBuildFile; fileRef = 1B13774827025EB700DD99D2 /* Heading-Pro-Light-trial.ttf */; };
		1B13774E27025EB700DD99D2 /* Heading-Pro-Bold-trial.ttf in Resources */ = {isa = PBXBuildFile; fileRef = 1B13774927025EB700DD99D2 /* Heading-Pro-Bold-trial.ttf */; };
/* End PBXBuildFile section */

/* Begin PBXFileReference section */
		1B13771026FC8A4800DD99D2 /* Pickr XS.app */ = {isa = PBXFileReference; explicitFileType = wrapper.application; includeInIndex = 0; path = "Pickr XS.app"; sourceTree = BUILT_PRODUCTS_DIR; };
		1B13771326FC8A4800DD99D2 /* AppDelegate.swift */ = {isa = PBXFileReference; lastKnownFileType = sourcecode.swift; path = AppDelegate.swift; sourceTree = "<group>"; };
		1B13771526FC8A4800DD99D2 /* SceneDelegate.swift */ = {isa = PBXFileReference; lastKnownFileType = sourcecode.swift; path = SceneDelegate.swift; sourceTree = "<group>"; };
		1B13771726FC8A4800DD99D2 /* ContentView.swift */ = {isa = PBXFileReference; lastKnownFileType = sourcecode.swift; path = ContentView.swift; sourceTree = "<group>"; };
		1B13771926FC8A4A00DD99D2 /* Assets.xcassets */ = {isa = PBXFileReference; lastKnownFileType = folder.assetcatalog; path = Assets.xcassets; sourceTree = "<group>"; };
		1B13771C26FC8A4A00DD99D2 /* Preview Assets.xcassets */ = {isa = PBXFileReference; lastKnownFileType = folder.assetcatalog; path = "Preview Assets.xcassets"; sourceTree = "<group>"; };
		1B13771F26FC8A4B00DD99D2 /* Base */ = {isa = PBXFileReference; lastKnownFileType = file.storyboard; name = Base; path = Base.lproj/LaunchScreen.storyboard; sourceTree = "<group>"; };
		1B13772126FC8A4B00DD99D2 /* Info.plist */ = {isa = PBXFileReference; lastKnownFileType = text.plist.xml; path = Info.plist; sourceTree = "<group>"; };
		1B13772D26FC8AB800DD99D2 /* Database.xcdatamodel */ = {isa = PBXFileReference; lastKnownFileType = wrapper.xcdatamodel; path = Database.xcdatamodel; sourceTree = "<group>"; };
		1B13772F26FC8AF400DD99D2 /* Item+CoreDataClass.swift */ = {isa = PBXFileReference; lastKnownFileType = sourcecode.swift; path = "Item+CoreDataClass.swift"; sourceTree = "<group>"; };
		1B13773126FC8AFF00DD99D2 /* Item+CoreDataProperties.swift */ = {isa = PBXFileReference; lastKnownFileType = sourcecode.swift; path = "Item+CoreDataProperties.swift"; sourceTree = "<group>"; };
		1B13773326FC8BD600DD99D2 /* CoreDataManger.swift */ = {isa = PBXFileReference; lastKnownFileType = sourcecode.swift; path = CoreDataManger.swift; sourceTree = "<group>"; };
		1B13773526FC8BF400DD99D2 /* NSManagedObjectContext+Extensions.swift */ = {isa = PBXFileReference; lastKnownFileType = sourcecode.swift; path = "NSManagedObjectContext+Extensions.swift"; sourceTree = "<group>"; };
		1B13773726FC8CCF00DD99D2 /* AddItemViewModel.swift */ = {isa = PBXFileReference; lastKnownFileType = sourcecode.swift; path = AddItemViewModel.swift; sourceTree = "<group>"; };
		1B13773926FC8D2600DD99D2 /* ItemArrayViewModel.swift */ = {isa = PBXFileReference; lastKnownFileType = sourcecode.swift; path = ItemArrayViewModel.swift; sourceTree = "<group>"; };
		1B13773B26FC8F2400DD99D2 /* NewItemTextField.swift */ = {isa = PBXFileReference; lastKnownFileType = sourcecode.swift; path = NewItemTextField.swift; sourceTree = "<group>"; };
		1B13773D26FC97AF00DD99D2 /* ItemList.swift */ = {isa = PBXFileReference; lastKnownFileType = sourcecode.swift; path = ItemList.swift; sourceTree = "<group>"; };
		1B13773F26FF542400DD99D2 /* RandomItemWindow.swift */ = {isa = PBXFileReference; lastKnownFileType = sourcecode.swift; path = RandomItemWindow.swift; sourceTree = "<group>"; };
		1B1377412702598100DD99D2 /* RandomButton.swift */ = {isa = PBXFileReference; lastKnownFileType = sourcecode.swift; path = RandomButton.swift; sourceTree = "<group>"; };
		1B13774527025EB700DD99D2 /* Heading-Pro-Heavy-trial.ttf */ = {isa = PBXFileReference; lastKnownFileType = file; path = "Heading-Pro-Heavy-trial.ttf"; sourceTree = "<group>"; };
		1B13774627025EB700DD99D2 /* Heading-Pro-ExtraBold-trial.ttf */ = {isa = PBXFileReference; lastKnownFileType = file; path = "Heading-Pro-ExtraBold-trial.ttf"; sourceTree = "<group>"; };
		1B13774727025EB700DD99D2 /* Heading-Pro-Thin-trial.ttf */ = {isa = PBXFileReference; lastKnownFileType = file; path = "Heading-Pro-Thin-trial.ttf"; sourceTree = "<group>"; };
		1B13774827025EB700DD99D2 /* Heading-Pro-Light-trial.ttf */ = {isa = PBXFileReference; lastKnownFileType = file; path = "Heading-Pro-Light-trial.ttf"; sourceTree = "<group>"; };
		1B13774927025EB700DD99D2 /* Heading-Pro-Bold-trial.ttf */ = {isa = PBXFileReference; lastKnownFileType = file; path = "Heading-Pro-Bold-trial.ttf"; sourceTree = "<group>"; };
/* End PBXFileReference section */

/* Begin PBXFrameworksBuildPhase section */
		1B13770D26FC8A4800DD99D2 /* Frameworks */ = {
			isa = PBXFrameworksBuildPhase;
			buildActionMask = 2147483647;
			files = (
			);
			runOnlyForDeploymentPostprocessing = 0;
		};
/* End PBXFrameworksBuildPhase section */

/* Begin PBXGroup section */
		1B13770726FC8A4800DD99D2 = {
			isa = PBXGroup;
			children = (
				1B13771226FC8A4800DD99D2 /* Pickr XS */,
				1B13771126FC8A4800DD99D2 /* Products */,
			);
			sourceTree = "<group>";
		};
		1B13771126FC8A4800DD99D2 /* Products */ = {
			isa = PBXGroup;
			children = (
				1B13771026FC8A4800DD99D2 /* Pickr XS.app */,
			);
			name = Products;
			sourceTree = "<group>";
		};
		1B13771226FC8A4800DD99D2 /* Pickr XS */ = {
			isa = PBXGroup;
			children = (
				1B13772A26FC8A9900DD99D2 /* Models */,
				1B13772926FC8A8E00DD99D2 /* Views */,
				1B13772B26FC8AA700DD99D2 /* ViewModels */,
				1B13772726FC8A7800DD99D2 /* BaseFiles */,
				1B13774327025E6000DD99D2 /* Resources */,
				1B13771926FC8A4A00DD99D2 /* Assets.xcassets */,
				1B13771E26FC8A4B00DD99D2 /* LaunchScreen.storyboard */,
				1B13772126FC8A4B00DD99D2 /* Info.plist */,
				1B13771B26FC8A4A00DD99D2 /* Preview Content */,
			);
			path = "Pickr XS";
			sourceTree = "<group>";
		};
		1B13771B26FC8A4A00DD99D2 /* Preview Content */ = {
			isa = PBXGroup;
			children = (
				1B13771C26FC8A4A00DD99D2 /* Preview Assets.xcassets */,
			);
			path = "Preview Content";
			sourceTree = "<group>";
		};
		1B13772726FC8A7800DD99D2 /* BaseFiles */ = {
			isa = PBXGroup;
			children = (
				1B13771526FC8A4800DD99D2 /* SceneDelegate.swift */,
				1B13771326FC8A4800DD99D2 /* AppDelegate.swift */,
				1B13773326FC8BD600DD99D2 /* CoreDataManger.swift */,
				1B13773526FC8BF400DD99D2 /* NSManagedObjectContext+Extensions.swift */,
			);
			path = BaseFiles;
			sourceTree = "<group>";
		};
		1B13772926FC8A8E00DD99D2 /* Views */ = {
			isa = PBXGroup;
			children = (
				1B13771726FC8A4800DD99D2 /* ContentView.swift */,
				1B13773F26FF542400DD99D2 /* RandomItemWindow.swift */,
				1B13773B26FC8F2400DD99D2 /* NewItemTextField.swift */,
				1B13773D26FC97AF00DD99D2 /* ItemList.swift */,
				1B1377412702598100DD99D2 /* RandomButton.swift */,
			);
			path = Views;
			sourceTree = "<group>";
		};
		1B13772A26FC8A9900DD99D2 /* Models */ = {
			isa = PBXGroup;
			children = (
				1B13772C26FC8AB800DD99D2 /* Database.xcdatamodeld */,
				1B13772F26FC8AF400DD99D2 /* Item+CoreDataClass.swift */,
				1B13773126FC8AFF00DD99D2 /* Item+CoreDataProperties.swift */,
			);
			path = Models;
			sourceTree = "<group>";
		};
		1B13772B26FC8AA700DD99D2 /* ViewModels */ = {
			isa = PBXGroup;
			children = (
				1B13773726FC8CCF00DD99D2 /* AddItemViewModel.swift */,
				1B13773926FC8D2600DD99D2 /* ItemArrayViewModel.swift */,
			);
			path = ViewModels;
			sourceTree = "<group>";
		};
		1B13774327025E6000DD99D2 /* Resources */ = {
			isa = PBXGroup;
			children = (
				1B13774427025E6A00DD99D2 /* Fonts */,
			);
			path = Resources;
			sourceTree = "<group>";
		};
		1B13774427025E6A00DD99D2 /* Fonts */ = {
			isa = PBXGroup;
			children = (
				1B13775027034D5400DD99D2 /* heading */,
			);
			path = Fonts;
			sourceTree = "<group>";
		};
		1B13775027034D5400DD99D2 /* heading */ = {
			isa = PBXGroup;
			children = (
				1B13774927025EB700DD99D2 /* Heading-Pro-Bold-trial.ttf */,
				1B13774627025EB700DD99D2 /* Heading-Pro-ExtraBold-trial.ttf */,
				1B13774527025EB700DD99D2 /* Heading-Pro-Heavy-trial.ttf */,
				1B13774827025EB700DD99D2 /* Heading-Pro-Light-trial.ttf */,
				1B13774727025EB700DD99D2 /* Heading-Pro-Thin-trial.ttf */,
			);
			path = heading;
			sourceTree = "<group>";
		};
/* End PBXGroup section */

/* Begin PBXNativeTarget section */
		1B13770F26FC8A4800DD99D2 /* Pickr XS */ = {
			isa = PBXNativeTarget;
			buildConfigurationList = 1B13772426FC8A4B00DD99D2 /* Build configuration list for PBXNativeTarget "Pickr XS" */;
			buildPhases = (
				1B13770C26FC8A4800DD99D2 /* Sources */,
				1B13770D26FC8A4800DD99D2 /* Frameworks */,
				1B13770E26FC8A4800DD99D2 /* Resources */,
			);
			buildRules = (
			);
			dependencies = (
			);
			name = "Pickr XS";
			productName = "Pickr XS";
			productReference = 1B13771026FC8A4800DD99D2 /* Pickr XS.app */;
			productType = "com.apple.product-type.application";
		};
/* End PBXNativeTarget section */

/* Begin PBXProject section */
		1B13770826FC8A4800DD99D2 /* Project object */ = {
			isa = PBXProject;
			attributes = {
				LastSwiftUpdateCheck = 1250;
				LastUpgradeCheck = 1250;
				TargetAttributes = {
					1B13770F26FC8A4800DD99D2 = {
						CreatedOnToolsVersion = 12.5.1;
					};
				};
			};
			buildConfigurationList = 1B13770B26FC8A4800DD99D2 /* Build configuration list for PBXProject "Pickr XS" */;
			compatibilityVersion = "Xcode 9.3";
			developmentRegion = en;
			hasScannedForEncodings = 0;
			knownRegions = (
				en,
				Base,
			);
			mainGroup = 1B13770726FC8A4800DD99D2;
			productRefGroup = 1B13771126FC8A4800DD99D2 /* Products */;
			projectDirPath = "";
			projectRoot = "";
			targets = (
				1B13770F26FC8A4800DD99D2 /* Pickr XS */,
			);
		};
/* End PBXProject section */

/* Begin PBXResourcesBuildPhase section */
		1B13770E26FC8A4800DD99D2 /* Resources */ = {
			isa = PBXResourcesBuildPhase;
			buildActionMask = 2147483647;
			files = (
				1B13774D27025EB700DD99D2 /* Heading-Pro-Light-trial.ttf in Resources */,
				1B13774A27025EB700DD99D2 /* Heading-Pro-Heavy-trial.ttf in Resources */,
				1B13774C27025EB700DD99D2 /* Heading-Pro-Thin-trial.ttf in Resources */,
				1B13774E27025EB700DD99D2 /* Heading-Pro-Bold-trial.ttf in Resources */,
				1B13772026FC8A4B00DD99D2 /* LaunchScreen.storyboard in Resources */,
				1B13774B27025EB700DD99D2 /* Heading-Pro-ExtraBold-trial.ttf in Resources */,
				1B13771D26FC8A4A00DD99D2 /* Preview Assets.xcassets in Resources */,
				1B13771A26FC8A4A00DD99D2 /* Assets.xcassets in Resources */,
			);
			runOnlyForDeploymentPostprocessing = 0;
		};
/* End PBXResourcesBuildPhase section */

/* Begin PBXSourcesBuildPhase section */
		1B13770C26FC8A4800DD99D2 /* Sources */ = {
			isa = PBXSourcesBuildPhase;
			buildActionMask = 2147483647;
			files = (
				1B13773226FC8AFF00DD99D2 /* Item+CoreDataProperties.swift in Sources */,
				1B13773026FC8AF400DD99D2 /* Item+CoreDataClass.swift in Sources */,
				1B13771426FC8A4800DD99D2 /* AppDelegate.swift in Sources */,
				1B13771626FC8A4800DD99D2 /* SceneDelegate.swift in Sources */,
				1B13773E26FC97AF00DD99D2 /* ItemList.swift in Sources */,
				1B13773C26FC8F2400DD99D2 /* NewItemTextField.swift in Sources */,
				1B13772E26FC8AB800DD99D2 /* Database.xcdatamodeld in Sources */,
				1B13774026FF542400DD99D2 /* RandomItemWindow.swift in Sources */,
				1B1377422702598100DD99D2 /* RandomButton.swift in Sources */,
				1B13773A26FC8D2600DD99D2 /* ItemArrayViewModel.swift in Sources */,
				1B13773426FC8BD600DD99D2 /* CoreDataManger.swift in Sources */,
				1B13771826FC8A4800DD99D2 /* ContentView.swift in Sources */,
				1B13773826FC8CCF00DD99D2 /* AddItemViewModel.swift in Sources */,
				1B13773626FC8BF400DD99D2 /* NSManagedObjectContext+Extensions.swift in Sources */,
			);
			runOnlyForDeploymentPostprocessing = 0;
		};
/* End PBXSourcesBuildPhase section */

/* Begin PBXVariantGroup section */
		1B13771E26FC8A4B00DD99D2 /* LaunchScreen.storyboard */ = {
			isa = PBXVariantGroup;
			children = (
				1B13771F26FC8A4B00DD99D2 /* Base */,
			);
			name = LaunchScreen.storyboard;
			sourceTree = "<group>";
		};
/* End PBXVariantGroup section */

/* Begin XCBuildConfiguration section */
		1B13772226FC8A4B00DD99D2 /* Debug */ = {
			isa = XCBuildConfiguration;
			buildSettings = {
				ALWAYS_SEARCH_USER_PATHS = NO;
				CLANG_ANALYZER_NONNULL = YES;
				CLANG_ANALYZER_NUMBER_OBJECT_CONVERSION = YES_AGGRESSIVE;
				CLANG_CXX_LANGUAGE_STANDARD = "gnu++14";
				CLANG_CXX_LIBRARY = "libc++";
				CLANG_ENABLE_MODULES = YES;
				CLANG_ENABLE_OBJC_ARC = YES;
				CLANG_ENABLE_OBJC_WEAK = YES;
				CLANG_WARN_BLOCK_CAPTURE_AUTORELEASING = YES;
				CLANG_WARN_BOOL_CONVERSION = YES;
				CLANG_WARN_COMMA = YES;
				CLANG_WARN_CONSTANT_CONVERSION = YES;
				CLANG_WARN_DEPRECATED_OBJC_IMPLEMENTATIONS = YES;
				CLANG_WARN_DIRECT_OBJC_ISA_USAGE = YES_ERROR;
				CLANG_WARN_DOCUMENTATION_COMMENTS = YES;
				CLANG_WARN_EMPTY_BODY = YES;
				CLANG_WARN_ENUM_CONVERSION = YES;
				CLANG_WARN_INFINITE_RECURSION = YES;
				CLANG_WARN_INT_CONVERSION = YES;
				CLANG_WARN_NON_LITERAL_NULL_CONVERSION = YES;
				CLANG_WARN_OBJC_IMPLICIT_RETAIN_SELF = YES;
				CLANG_WARN_OBJC_LITERAL_CONVERSION = YES;
				CLANG_WARN_OBJC_ROOT_CLASS = YES_ERROR;
				CLANG_WARN_QUOTED_INCLUDE_IN_FRAMEWORK_HEADER = YES;
				CLANG_WARN_RANGE_LOOP_ANALYSIS = YES;
				CLANG_WARN_STRICT_PROTOTYPES = YES;
				CLANG_WARN_SUSPICIOUS_MOVE = YES;
				CLANG_WARN_UNGUARDED_AVAILABILITY = YES_AGGRESSIVE;
				CLANG_WARN_UNREACHABLE_CODE = YES;
				CLANG_WARN__DUPLICATE_METHOD_MATCH = YES;
				COPY_PHASE_STRIP = NO;
				DEBUG_INFORMATION_FORMAT = dwarf;
				ENABLE_STRICT_OBJC_MSGSEND = YES;
				ENABLE_TESTABILITY = YES;
				GCC_C_LANGUAGE_STANDARD = gnu11;
				GCC_DYNAMIC_NO_PIC = NO;
				GCC_NO_COMMON_BLOCKS = YES;
				GCC_OPTIMIZATION_LEVEL = 0;
				GCC_PREPROCESSOR_DEFINITIONS = (
					"DEBUG=1",
					"$(inherited)",
				);
				GCC_WARN_64_TO_32_BIT_CONVERSION = YES;
				GCC_WARN_ABOUT_RETURN_TYPE = YES_ERROR;
				GCC_WARN_UNDECLARED_SELECTOR = YES;
				GCC_WARN_UNINITIALIZED_AUTOS = YES_AGGRESSIVE;
				GCC_WARN_UNUSED_FUNCTION = YES;
				GCC_WARN_UNUSED_VARIABLE = YES;
				IPHONEOS_DEPLOYMENT_TARGET = 14.5;
				MTL_ENABLE_DEBUG_INFO = INCLUDE_SOURCE;
				MTL_FAST_MATH = YES;
				ONLY_ACTIVE_ARCH = YES;
				SDKROOT = iphoneos;
				SWIFT_ACTIVE_COMPILATION_CONDITIONS = DEBUG;
				SWIFT_OPTIMIZATION_LEVEL = "-Onone";
			};
			name = Debug;
		};
		1B13772326FC8A4B00DD99D2 /* Release */ = {
			isa = XCBuildConfiguration;
			buildSettings = {
				ALWAYS_SEARCH_USER_PATHS = NO;
				CLANG_ANALYZER_NONNULL = YES;
				CLANG_ANALYZER_NUMBER_OBJECT_CONVERSION = YES_AGGRESSIVE;
				CLANG_CXX_LANGUAGE_STANDARD = "gnu++14";
				CLANG_CXX_LIBRARY = "libc++";
				CLANG_ENABLE_MODULES = YES;
				CLANG_ENABLE_OBJC_ARC = YES;
				CLANG_ENABLE_OBJC_WEAK = YES;
				CLANG_WARN_BLOCK_CAPTURE_AUTORELEASING = YES;
				CLANG_WARN_BOOL_CONVERSION = YES;
				CLANG_WARN_COMMA = YES;
				CLANG_WARN_CONSTANT_CONVERSION = YES;
				CLANG_WARN_DEPRECATED_OBJC_IMPLEMENTATIONS = YES;
				CLANG_WARN_DIRECT_OBJC_ISA_USAGE = YES_ERROR;
				CLANG_WARN_DOCUMENTATION_COMMENTS = YES;
				CLANG_WARN_EMPTY_BODY = YES;
				CLANG_WARN_ENUM_CONVERSION = YES;
				CLANG_WARN_INFINITE_RECURSION = YES;
				CLANG_WARN_INT_CONVERSION = YES;
				CLANG_WARN_NON_LITERAL_NULL_CONVERSION = YES;
				CLANG_WARN_OBJC_IMPLICIT_RETAIN_SELF = YES;
				CLANG_WARN_OBJC_LITERAL_CONVERSION = YES;
				CLANG_WARN_OBJC_ROOT_CLASS = YES_ERROR;
				CLANG_WARN_QUOTED_INCLUDE_IN_FRAMEWORK_HEADER = YES;
				CLANG_WARN_RANGE_LOOP_ANALYSIS = YES;
				CLANG_WARN_STRICT_PROTOTYPES = YES;
				CLANG_WARN_SUSPICIOUS_MOVE = YES;
				CLANG_WARN_UNGUARDED_AVAILABILITY = YES_AGGRESSIVE;
				CLANG_WARN_UNREACHABLE_CODE = YES;
				CLANG_WARN__DUPLICATE_METHOD_MATCH = YES;
				COPY_PHASE_STRIP = NO;
				DEBUG_INFORMATION_FORMAT = "dwarf-with-dsym";
				ENABLE_NS_ASSERTIONS = NO;
				ENABLE_STRICT_OBJC_MSGSEND = YES;
				GCC_C_LANGUAGE_STANDARD = gnu11;
				GCC_NO_COMMON_BLOCKS = YES;
				GCC_WARN_64_TO_32_BIT_CONVERSION = YES;
				GCC_WARN_ABOUT_RETURN_TYPE = YES_ERROR;
				GCC_WARN_UNDECLARED_SELECTOR = YES;
				GCC_WARN_UNINITIALIZED_AUTOS = YES_AGGRESSIVE;
				GCC_WARN_UNUSED_FUNCTION = YES;
				GCC_WARN_UNUSED_VARIABLE = YES;
				IPHONEOS_DEPLOYMENT_TARGET = 14.5;
				MTL_ENABLE_DEBUG_INFO = NO;
				MTL_FAST_MATH = YES;
				SDKROOT = iphoneos;
				SWIFT_COMPILATION_MODE = wholemodule;
				SWIFT_OPTIMIZATION_LEVEL = "-O";
				VALIDATE_PRODUCT = YES;
			};
			name = Release;
		};
		1B13772526FC8A4B00DD99D2 /* Debug */ = {
			isa = XCBuildConfiguration;
			buildSettings = {
				ASSETCATALOG_COMPILER_APPICON_NAME = AppIcon;
				ASSETCATALOG_COMPILER_GLOBAL_ACCENT_COLOR_NAME = AccentColor;
				CODE_SIGN_STYLE = Automatic;
				DEVELOPMENT_ASSET_PATHS = "\"Pickr XS/Preview Content\"";
				DEVELOPMENT_TEAM = KNAC6VVFFH;
				ENABLE_PREVIEWS = YES;
				INFOPLIST_FILE = "Pickr XS/Info.plist";
				LD_RUNPATH_SEARCH_PATHS = (
					"$(inherited)",
					"@executable_path/Frameworks",
				);
				PRODUCT_BUNDLE_IDENTIFIER = "standwerth.Pickr-XS";
				PRODUCT_NAME = "$(TARGET_NAME)";
				SWIFT_VERSION = 5.0;
				TARGETED_DEVICE_FAMILY = "1,2";
			};
			name = Debug;
		};
		1B13772626FC8A4B00DD99D2 /* Release */ = {
			isa = XCBuildConfiguration;
			buildSettings = {
				ASSETCATALOG_COMPILER_APPICON_NAME = AppIcon;
				ASSETCATALOG_COMPILER_GLOBAL_ACCENT_COLOR_NAME = AccentColor;
				CODE_SIGN_STYLE = Automatic;
				DEVELOPMENT_ASSET_PATHS = "\"Pickr XS/Preview Content\"";
				DEVELOPMENT_TEAM = KNAC6VVFFH;
				ENABLE_PREVIEWS = YES;
				INFOPLIST_FILE = "Pickr XS/Info.plist";
				LD_RUNPATH_SEARCH_PATHS = (
					"$(inherited)",
					"@executable_path/Frameworks",
				);
				PRODUCT_BUNDLE_IDENTIFIER = "standwerth.Pickr-XS";
				PRODUCT_NAME = "$(TARGET_NAME)";
				SWIFT_VERSION = 5.0;
				TARGETED_DEVICE_FAMILY = "1,2";
			};
			name = Release;
		};
/* End XCBuildConfiguration section */

/* Begin XCConfigurationList section */
		1B13770B26FC8A4800DD99D2 /* Build configuration list for PBXProject "Pickr XS" */ = {
			isa = XCConfigurationList;
			buildConfigurations = (
				1B13772226FC8A4B00DD99D2 /* Debug */,
				1B13772326FC8A4B00DD99D2 /* Release */,
			);
			defaultConfigurationIsVisible = 0;
			defaultConfigurationName = Release;
		};
		1B13772426FC8A4B00DD99D2 /* Build configuration list for PBXNativeTarget "Pickr XS" */ = {
			isa = XCConfigurationList;
			buildConfigurations = (
				1B13772526FC8A4B00DD99D2 /* Debug */,
				1B13772626FC8A4B00DD99D2 /* Release */,
			);
			defaultConfigurationIsVisible = 0;
			defaultConfigurationName = Release;
		};
/* End XCConfigurationList section */

/* Begin XCVersionGroup section */
		1B13772C26FC8AB800DD99D2 /* Database.xcdatamodeld */ = {
			isa = XCVersionGroup;
			children = (
				1B13772D26FC8AB800DD99D2 /* Database.xcdatamodel */,
			);
			currentVersion = 1B13772D26FC8AB800DD99D2 /* Database.xcdatamodel */;
			path = Database.xcdatamodeld;
			sourceTree = "<group>";
			versionGroupType = wrapper.xcdatamodel;
		};
/* End XCVersionGroup section */
	};
	rootObject = 1B13770826FC8A4800DD99D2 /* Project object */;
}
